# This file was autogenerated by Stack.
# You should not edit this file by hand.
# For more information, please see the documentation at:
#   https://docs.haskellstack.org/en/stable/lock_files

packages:
- completed:
    hackage: logging-3.0.5@sha256:88096d3124fce9a19af3720f751e1a354d866ed5030d2e5197238d2277cdb2f2,2374
    pantry-tree:
      sha256: 35c4c46138a30e516c2f27dfc51a993e7d7946af0de1a826f18b71a854c2da21
      size: 264
  original:
    hackage: logging-3.0.5@sha256:88096d3124fce9a19af3720f751e1a354d866ed5030d2e5197238d2277cdb2f2,2374
- completed:
    commit: 4e11ea910c8dabdf2ba832cc8a1b416b64665656
    git: https://github.com/runeksvendsen/crypto-orderbook-db.git
    name: crypto-orderbook-db
    pantry-tree:
      sha256: 7b789b5df10a5eebd7bbead05c28753b3282860026e8a0137d132ee4e0a953f4
      size: 1779
    version: 0.1.0.0
  original:
    commit: 4e11ea910c8dabdf2ba832cc8a1b416b64665656
    git: https://github.com/runeksvendsen/crypto-orderbook-db.git
- completed:
    commit: f26546bedc83f6806e4b3200f8cda6071fc082c8
    git: https://github.com/runeksvendsen/orderbook.git
    name: orderbook
    pantry-tree:
      sha256: 8cb84ac7a0b1ea2af4bd79c4cfa1dc41c00ee155cee20974721b754b9b795875
      size: 976
    version: 0.1.0.0
  original:
    commit: f26546bedc83f6806e4b3200f8cda6071fc082c8
    git: https://github.com/runeksvendsen/orderbook.git
- completed:
    commit: eef0006cba7aea019611063d648b0e9915644820
    git: https://github.com/runeksvendsen/order-graph.git
    name: order-graph
    pantry-tree:
      sha256: b703e33c02aeb0dcbaffc1d79f1644aa7302a5fd547fb23fb24f935eef09b39f
      size: 4137
    version: 0.1.0.0
  original:
    commit: eef0006cba7aea019611063d648b0e9915644820
    git: https://github.com/runeksvendsen/order-graph.git
- completed:
    commit: 967b590aac5ffaee34779d91d092a38e7eb9ecbb
    git: https://github.com/runeksvendsen/bellman-ford.git
    name: bellman-ford
    pantry-tree:
      sha256: d516f45d12b0e38a03cc40b535d20f7d40904310469a4c9f6bd91531f892d39e
      size: 1697
    version: 0.1.0.0
  original:
    commit: 967b590aac5ffaee34779d91d092a38e7eb9ecbb
    git: https://github.com/runeksvendsen/bellman-ford.git
- completed:
    commit: 5bcff3e91337c071a7855be0691eae1bc91f35b5
    git: https://github.com/runeksvendsen/mono-traversable.git
    name: mutable-containers
    pantry-tree:
      sha256: f3d661f98aa880ce6f14767cda2536f8b501a5d5fd6df3e425450fef868a28b3
      size: 1042
    subdir: mutable-containers
    version: 0.3.4
  original:
    commit: 5bcff3e91337c071a7855be0691eae1bc91f35b5
    git: https://github.com/runeksvendsen/mono-traversable.git
    subdir: mutable-containers
- completed:
    hackage: thrist-0.4@sha256:f2b6b1b918aa2899669ebcb1c368d57fbd0d4d65e7e316d9203df813348ed732,1943
    pantry-tree:
      sha256: 5d3fdde4f4e3e1081e8a5a4ad14b9b20b1c51a20fefb36365d037b3dcffbf885
      size: 428
  original:
    hackage: thrist-0.4@sha256:f2b6b1b918aa2899669ebcb1c368d57fbd0d4d65e7e316d9203df813348ed732,1943
- completed:
    hackage: beam-migrate-0.5.0.0@sha256:3c101c54a4ad84cee2ff045ff89c1196f134c9b24544fde1707bfa9bfcba653b,4939
    pantry-tree:
      sha256: 76956745b480f69f21a4c5fb9c525726c8e4d3597d81807117f426d46574c94f
      size: 1721
  original:
    hackage: beam-migrate-0.5.0.0
- completed:
    hackage: beam-core-0.9.0.0@sha256:e5b1cb4d5b8a8a166f3373e8718672a3884feb9a5a133404b047b0af76538023,5282
    pantry-tree:
      sha256: e54dabae556fcac9079587adcce1b2bb107c196688c476dabdd84ca86ad556af
      size: 2704
  original:
    hackage: beam-core-0.9.0.0@sha256:e5b1cb4d5b8a8a166f3373e8718672a3884feb9a5a133404b047b0af76538023,5282
- completed:
    hackage: beam-postgres-0.5.0.0@sha256:3008f802b25fffaee2edf7f8f840a073ee630049031cda0b4ea7912b6656c813,4333
    pantry-tree:
      sha256: 650c0241326528b9664756e7822edf61d972f30f21f42d4318c7e885aa86e38a
      size: 1692
  original:
    hackage: beam-postgres-0.5.0.0@sha256:3008f802b25fffaee2edf7f8f840a073ee630049031cda0b4ea7912b6656c813,4333
- completed:
    hackage: time-1.9.3@sha256:8f1b5448722a12a952248b356c9eb366e351226543d9086a2da71270522d5f45,5679
    pantry-tree:
      sha256: a1043c1719491764f0fa37a1fd70d9451080548a41632fee88d8e1b8db4942d6
      size: 6558
  original:
    hackage: time-1.9.3@sha256:8f1b5448722a12a952248b356c9eb366e351226543d9086a2da71270522d5f45,5679
- completed:
    hackage: directory-1.3.6.1@sha256:3dc9c69c8e09ec95a7a45c6d06abe0f0d2f604439c37e5f88e5a6c335b088d71,2810
    pantry-tree:
      sha256: 9247d0e7cfbf9946b922d23bd56a6b765cdb91f71d72f8ae6ed22c94dbd9f1db
      size: 3433
  original:
    hackage: directory-1.3.6.1@sha256:3dc9c69c8e09ec95a7a45c6d06abe0f0d2f604439c37e5f88e5a6c335b088d71,2810
- completed:
    hackage: process-1.6.10.0@sha256:c0d2d8adaca7cea7ceaa60e67b61c775dc03727b83bdb1c97aa8cbeac9f5dd84,2469
    pantry-tree:
      sha256: 6e90778b5105753d7de0f7a0c502dadf8f04825f17a36186aa801e56ef7ca206
      size: 1211
  original:
    hackage: process-1.6.10.0@sha256:c0d2d8adaca7cea7ceaa60e67b61c775dc03727b83bdb1c97aa8cbeac9f5dd84,2469
- completed:
    hackage: unix-2.7.2.2@sha256:55d8af3f25d2a92c86951a2d8fc47aebe80015a895c4f0e57320cfdae78dd7c1,3496
    pantry-tree:
      sha256: e816eca2bf42fda4da49c744b146a301ae0435380cc163ad2fbc889cf0a4e27f
      size: 3536
  original:
    hackage: unix-2.7.2.2@sha256:55d8af3f25d2a92c86951a2d8fc47aebe80015a895c4f0e57320cfdae78dd7c1,3496
- completed:
    hackage: it-has-0.2.0.0@sha256:e0dfa84dfba835d8616b817305a80878383b8ba7ebe3c9802f33b312e7110d76,1409
    pantry-tree:
      sha256: c99c82b9fe09f32dc03092a74e9b6765a7378652d6591a7a533b2c1bea468cc2
      size: 359
  original:
    hackage: it-has-0.2.0.0@sha256:e0dfa84dfba835d8616b817305a80878383b8ba7ebe3c9802f33b312e7110d76,1409
- completed:
    hackage: time-units-1.0.0@sha256:27cf54091c4a0ca73d504fc11d5c31ab4041d17404fe3499945e2055697746c1,928
    pantry-tree:
      sha256: 9b516d4195fcea22cd1f4335cfe210e88deca397ba7dacc494d5a2feb69e1af8
      size: 212
  original:
    hackage: time-units-1.0.0@sha256:27cf54091c4a0ca73d504fc11d5c31ab4041d17404fe3499945e2055697746c1,928
snapshots:
- completed:
    sha256: 1d72b33c0fc048e23f4f18fd76a6ad79dd1d8a3c054644098a71a09855e40c7c
    size: 524799
    url: https://raw.githubusercontent.com/commercialhaskell/stackage-snapshots/master/lts/14/17.yaml
  original: lts-14.17
