# This file was autogenerated by Stack.
# You should not edit this file by hand.
# For more information, please see the documentation at:
#   https://docs.haskellstack.org/en/stable/lock_files

packages:
- completed:
    hackage: logging-3.0.5@sha256:88096d3124fce9a19af3720f751e1a354d866ed5030d2e5197238d2277cdb2f2,2374
    pantry-tree:
      size: 264
      sha256: 35c4c46138a30e516c2f27dfc51a993e7d7946af0de1a826f18b71a854c2da21
  original:
    hackage: logging-3.0.5@sha256:88096d3124fce9a19af3720f751e1a354d866ed5030d2e5197238d2277cdb2f2,2374
- completed:
    name: crypto-orderbook-db
    version: 0.1.0.0
    git: https://github.com/runeksvendsen/crypto-orderbook-db.git
    pantry-tree:
      size: 1664
      sha256: 2004222a024a4a3217070b21b0c1a4236dee7b90ad90e4f22ea4c3d5233b02e9
    commit: b732752ef4be16ab1d8f015f7d1ea3071786ea6a
  original:
    git: https://github.com/runeksvendsen/crypto-orderbook-db.git
    commit: b732752ef4be16ab1d8f015f7d1ea3071786ea6a
- completed:
    name: orderbook
    version: 0.1.0.0
    git: https://github.com/runeksvendsen/orderbook.git
    pantry-tree:
      size: 929
      sha256: 0c2dac5d71bde402a284be5b77f2f27741ddf331634aeec8228ceeb82eff7e4d
    commit: b0b7babf47e26538af611210b92adf00b3f79b11
  original:
    git: https://github.com/runeksvendsen/orderbook.git
    commit: b0b7babf47e26538af611210b92adf00b3f79b11
- completed:
    name: order-graph
    version: 0.1.0.0
    git: https://github.com/runeksvendsen/order-graph.git
    pantry-tree:
      size: 4022
      sha256: 1b9176607db76ee2bfcf5b241f000a910ce9bdc0d1c162c0ba8f80f6600ed818
    commit: f4b54ef11d1b7fd14709034e195fb2faa673dfdd
  original:
    git: https://github.com/runeksvendsen/order-graph.git
    commit: f4b54ef11d1b7fd14709034e195fb2faa673dfdd
- completed:
    name: bellman-ford
    version: 0.1.0.0
    git: https://github.com/runeksvendsen/bellman-ford.git
    pantry-tree:
      size: 1696
      sha256: 376b7dc3b87128c37701d369f84873cf4b93bcfe40dd07fd8a86b265089dcbab
    commit: f5ebad4d2cff23ccf21b8806ae6cdedea2a20e5c
  original:
    git: https://github.com/runeksvendsen/bellman-ford.git
    commit: f5ebad4d2cff23ccf21b8806ae6cdedea2a20e5c
- completed:
    subdir: mutable-containers
    name: mutable-containers
    version: 0.3.4
    git: https://github.com/runeksvendsen/mono-traversable.git
    pantry-tree:
      size: 1042
      sha256: f3d661f98aa880ce6f14767cda2536f8b501a5d5fd6df3e425450fef868a28b3
    commit: 5bcff3e91337c071a7855be0691eae1bc91f35b5
  original:
    subdir: mutable-containers
    git: https://github.com/runeksvendsen/mono-traversable.git
    commit: 5bcff3e91337c071a7855be0691eae1bc91f35b5
- completed:
    hackage: thrist-0.4@sha256:f2b6b1b918aa2899669ebcb1c368d57fbd0d4d65e7e316d9203df813348ed732,1943
    pantry-tree:
      size: 428
      sha256: 5d3fdde4f4e3e1081e8a5a4ad14b9b20b1c51a20fefb36365d037b3dcffbf885
  original:
    hackage: thrist-0.4@sha256:f2b6b1b918aa2899669ebcb1c368d57fbd0d4d65e7e316d9203df813348ed732,1943
- completed:
    hackage: beam-migrate-0.5.0.0@sha256:d3f7e333ec9e96122ccec6be0d38a88f766dfc248323be73fd0b3cee245ea421,4923
    pantry-tree:
      size: 1721
      sha256: 0aa2b84eef52bf8a7fc9906c2b2a1bc37d077456f232cdf445fc182ee888c20f
  original:
    hackage: beam-migrate-0.5.0.0
- completed:
    hackage: beam-automigrate-0.1.2.0@sha256:92f1117ba8a4bcb174f7d061358486e0a09e43ba9d80f965477e71edd2df6704,6249
    pantry-tree:
      size: 1717
      sha256: a6e304842d6e4189609a4f351d2ffd034d887e5686908b7247f39ee534dcb567
  original:
    hackage: beam-automigrate-0.1.2.0
- completed:
    hackage: beam-core-0.9.0.0@sha256:e5b1cb4d5b8a8a166f3373e8718672a3884feb9a5a133404b047b0af76538023,5282
    pantry-tree:
      size: 2704
      sha256: e54dabae556fcac9079587adcce1b2bb107c196688c476dabdd84ca86ad556af
  original:
    hackage: beam-core-0.9.0.0@sha256:e5b1cb4d5b8a8a166f3373e8718672a3884feb9a5a133404b047b0af76538023,5282
- completed:
    hackage: beam-postgres-0.5.0.0@sha256:3008f802b25fffaee2edf7f8f840a073ee630049031cda0b4ea7912b6656c813,4333
    pantry-tree:
      size: 1692
      sha256: 650c0241326528b9664756e7822edf61d972f30f21f42d4318c7e885aa86e38a
  original:
    hackage: beam-postgres-0.5.0.0@sha256:3008f802b25fffaee2edf7f8f840a073ee630049031cda0b4ea7912b6656c813,4333
- completed:
    hackage: gargoyle-postgresql-connect-0.1.0.0@sha256:b33e13dcaea7e2387241bbe57f4ec67b8715ee4e44b68e7ddb3c35dd5da74f14,1242
    pantry-tree:
      size: 251
      sha256: 63c1525a2c7e33f80f2111b97326617d8061d3ca4884d49d180e35488187b970
  original:
    hackage: gargoyle-postgresql-connect-0.1.0.0@sha256:b33e13dcaea7e2387241bbe57f4ec67b8715ee4e44b68e7ddb3c35dd5da74f14,1242
- completed:
    hackage: gargoyle-0.1.1.0@sha256:c8fafaf0da5be7d222945fa39e10b04d8cc9b49b02b869221eb857ea04c2bd76,1629
    pantry-tree:
      size: 263
      sha256: e74c696235f19cbc2cfe697148acfb2ceabfea3f1b0295e2a5b2f5cd740c8ba6
  original:
    hackage: gargoyle-0.1.1.0@sha256:c8fafaf0da5be7d222945fa39e10b04d8cc9b49b02b869221eb857ea04c2bd76,1629
- completed:
    hackage: gargoyle-postgresql-0.2.0.1@sha256:776b40cca3a9d4222212baecb364da203e769d5046dc3079aa05749164448097,3679
    pantry-tree:
      size: 509
      sha256: 0b93a58c6ff8c6638f6ad451d1f883a7fb0f0ff2ee4b37db0742e1de9a380139
  original:
    hackage: gargoyle-postgresql-0.2.0.1@sha256:776b40cca3a9d4222212baecb364da203e769d5046dc3079aa05749164448097,3679
- completed:
    hackage: gargoyle-postgresql-nix-0.3.0.0@sha256:40bae12ca9985c88b5d0969f1cb07ec7b83f85b2797fe0982e8cb839b85a9106,2066
    pantry-tree:
      size: 509
      sha256: 3ab8bdd71d9c1a4b0b9f7f2388827c9550433e81a000c3fedac0cefa17e7b61d
  original:
    hackage: gargoyle-postgresql-nix-0.3.0.0@sha256:40bae12ca9985c88b5d0969f1cb07ec7b83f85b2797fe0982e8cb839b85a9106,2066
- completed:
    hackage: posix-escape-0.1@sha256:adbb650397cd8685ea220b40739ee80d4e8329643a98aa2993a6f13a598bd18c,1160
    pantry-tree:
      size: 386
      sha256: e9824c495e3e2a3a1f737b5d2fcdd0ea1ce6b2919cec252c1ef7ca3b19dedf57
  original:
    hackage: posix-escape-0.1@sha256:adbb650397cd8685ea220b40739ee80d4e8329643a98aa2993a6f13a598bd18c,1160
- completed:
    hackage: which-0.2@sha256:db82ca7d83d64cce8ad579756f02d27c5bd289806ee02474726f7fafb87318e8,858
    pantry-tree:
      size: 262
      sha256: bef8458bddea924f3162e51fcef66cb3071f73c31d3dbb6d4029b0115af88a54
  original:
    hackage: which-0.2@sha256:db82ca7d83d64cce8ad579756f02d27c5bd289806ee02474726f7fafb87318e8,858
snapshots:
- completed:
    size: 524799
    url: https://raw.githubusercontent.com/commercialhaskell/stackage-snapshots/master/lts/14/17.yaml
    sha256: 1d72b33c0fc048e23f4f18fd76a6ad79dd1d8a3c054644098a71a09855e40c7c
  original: lts-14.17
